
Microsoft Visual Studio Solution File, Format Version 12.00
# Visual Studio Version 17
VisualStudioVersion = 17.8.34309.116
MinimumVisualStudioVersion = 10.0.40219.1
Project("{FAE04EC0-301F-11D3-BF4B-00C04F79EFBC}") = "BlazorElectron", "BlazorElectron\BlazorElectron.csproj", "{0A9D9369-D8A6-4B6B-8F8C-94C1111BBC69}"
EndProject
Global
	GlobalSection(SolutionConfigurationPlatforms) = preSolution
		Debug|Any CPU = Debug|Any CPU
		Release|Any CPU = Release|Any CPU
	EndGlobalSection
	GlobalSection(ProjectConfigurationPlatforms) = postSolution
		{0A9D9369-D8A6-4B6B-8F8C-94C1111BBC69}.Debug|Any CPU.ActiveCfg = Debug|Any CPU
		{0A9D9369-D8A6-4B6B-8F8C-94C1111BBC69}.Debug|Any CPU.Build.0 = Debug|Any CPU
		{0A9D9369-D8A6-4B6B-8F8C-94C1111BBC69}.Release|Any CPU.ActiveCfg = Release|Any CPU
		{0A9D9369-D8A6-4B6B-8F8C-94C1111BBC69}.Release|Any CPU.Build.0 = Release|Any CPU
	EndGlobalSection
	GlobalSection(SolutionProperties) = preSolution
		HideSolutionNode = FALSE
	EndGlobalSection
	GlobalSection(ExtensibilityGlobals) = postSolution
		SolutionGuid = {3B66847A-3388-4DFE-9552-BD6575E1F249}
	EndGlobalSection
EndGlobal
